github.com/FleMo93/dcs-kellergeschwader-serverstatus-go v0.0.0-20210309093851-4bb9c5990948 h1:LHX9k6w2K1Vpr3CnZ8gDupeeVrZnRbKnsCF5ySJQ/8A=
github.com/FleMo93/dcs-kellergeschwader-serverstatus-go v0.0.0-20210309093851-4bb9c5990948/go.mod h1:auDseNdE/gNNDBE8BebI6uuu3cT4acS3qWqw11Dx9to=
github.com/FleMo93/dcs-kellergeschwader-serverstatus-go v0.0.0-20210309095044-e2f6f40f72c1 h1:0Rz7HeNrfXc5Tz5iSnR/z6BaF2o7GhGn0OjdVTRj9SI=
github.com/FleMo93/dcs-kellergeschwader-serverstatus-go v0.0.0-20210309095044-e2f6f40f72c1/go.mod h1:auDseNdE/gNNDBE8BebI6uuu3cT4acS3qWqw11Dx9to=
github.com/FleMo93/dcs-kellergeschwader-serverstatus-go v0.0.0-20210309123739-23ad48722509 h1:5boi0H1EEUgGT7P02a6u8ToNP9dDZ11D7kxEP3JOuv4=
github.com/FleMo93/dcs-kellergeschwader-serverstatus-go v0.0.0-20210309123739-23ad48722509/go.mod h1:auDseNdE/gNNDBE8BebI6uuu3cT4acS3qWqw11Dx9to=
github.com/FleMo93/dcs-kellergeschwader-serverstatus-go v0.0.0-20210309130855-197008004770 h1:G19QKsFDdqVeQsE+rLkT1OM1PtEy9AHkvF6fMUFu4aQ=
github.com/FleMo93/dcs-kellergeschwader-serverstatus-go v0.0.0-20210309130855-197008004770/go.mod h1:auDseNdE/gNNDBE8BebI6uuu3cT4acS3qWqw11Dx9to=
